// !$*UTF8*$!
{
	archiveVersion = 1;
	classes = {
	};
	objectVersion = 50;
	objects = {

/* Begin PBXBuildFile section */
		B370BC172576BAC10066624A /* AddressableApp.swift in Sources */ = {isa = PBXBuildFile; fileRef = B370BC162576BAC10066624A /* AddressableApp.swift */; };
		B370BC1B2576BAC10066624A /* Assets.xcassets in Resources */ = {isa = PBXBuildFile; fileRef = B370BC1A2576BAC10066624A /* Assets.xcassets */; };
		B370BC1E2576BAC10066624A /* Preview Assets.xcassets in Resources */ = {isa = PBXBuildFile; fileRef = B370BC1D2576BAC10066624A /* Preview Assets.xcassets */; };
		B370BC292576BAC20066624A /* AddressableTests.swift in Sources */ = {isa = PBXBuildFile; fileRef = B370BC282576BAC20066624A /* AddressableTests.swift */; };
		B370BC342576BAC20066624A /* AddressableUITests.swift in Sources */ = {isa = PBXBuildFile; fileRef = B370BC332576BAC20066624A /* AddressableUITests.swift */; };
		B370BC872576DE9F0066624A /* SignInView.swift in Sources */ = {isa = PBXBuildFile; fileRef = B370BC862576DE9F0066624A /* SignInView.swift */; };
		B3DB527F257992F8004196A6 /* MailingsView.swift in Sources */ = {isa = PBXBuildFile; fileRef = B3DB527E257992F8004196A6 /* MailingsView.swift */; };
		B3DB52872579A84B004196A6 /* Mailings.swift in Sources */ = {isa = PBXBuildFile; fileRef = B3DB52862579A84B004196A6 /* Mailings.swift */; };
		CA3CE817259BC38500A230E1 /* MailingsViewModel.swift in Sources */ = {isa = PBXBuildFile; fileRef = CA3CE816259BC38500A230E1 /* MailingsViewModel.swift */; };
		CA4AE34125CD95E8003B6CE8 /* KeyPadView.swift in Sources */ = {isa = PBXBuildFile; fileRef = CA4AE34025CD95E8003B6CE8 /* KeyPadView.swift */; };
		CA8555D125A81AF80063274D /* ProviderDelegate.swift in Sources */ = {isa = PBXBuildFile; fileRef = CA8555D025A81AF80063274D /* ProviderDelegate.swift */; };
		CA8555D625A81B330063274D /* CallManager.swift in Sources */ = {isa = PBXBuildFile; fileRef = CA8555D525A81B330063274D /* CallManager.swift */; };
		CA85560925A9FA8F0063274D /* AddressableCall.swift in Sources */ = {isa = PBXBuildFile; fileRef = CA85560825A9FA8F0063274D /* AddressableCall.swift */; };
		CA85564D25AFB9B40063274D /* PermissionsUtil.swift in Sources */ = {isa = PBXBuildFile; fileRef = CA85564C25AFB9B40063274D /* PermissionsUtil.swift */; };
		CA85565825AFC4910063274D /* IncomingLead.swift in Sources */ = {isa = PBXBuildFile; fileRef = CA85565725AFC4910063274D /* IncomingLead.swift */; };
		CA85565D25AFC5ED0063274D /* CallsViewModel.swift in Sources */ = {isa = PBXBuildFile; fileRef = CA85565C25AFC5ED0063274D /* CallsViewModel.swift */; };
		CA85567725B0E34F0063274D /* MessagesViewModel.swift in Sources */ = {isa = PBXBuildFile; fileRef = CA85567625B0E34F0063274D /* MessagesViewModel.swift */; };
		CA85567C25B0E5C50063274D /* Messages.swift in Sources */ = {isa = PBXBuildFile; fileRef = CA85567B25B0E5C50063274D /* Messages.swift */; };
		CA85568125B0E6400063274D /* ContentMessageView.swift in Sources */ = {isa = PBXBuildFile; fileRef = CA85568025B0E6400063274D /* ContentMessageView.swift */; };
		CA85568625B0E7330063274D /* MessageView.swift in Sources */ = {isa = PBXBuildFile; fileRef = CA85568525B0E7330063274D /* MessageView.swift */; };
		CA85568E25B0EB230063274D /* MessageChatView.swift in Sources */ = {isa = PBXBuildFile; fileRef = CA85568D25B0EB230063274D /* MessageChatView.swift */; };
		CA88420225A39F2700E0D75A /* SignInViewModel.swift in Sources */ = {isa = PBXBuildFile; fileRef = CA88420125A39F2700E0D75A /* SignInViewModel.swift */; };
		CA88420725A3A7D200E0D75A /* Authorization.swift in Sources */ = {isa = PBXBuildFile; fileRef = CA88420625A3A7D200E0D75A /* Authorization.swift */; };
		CA88422925A3D52F00E0D75A /* CustomRefreshableScrollView.swift in Sources */ = {isa = PBXBuildFile; fileRef = CA88422825A3D52F00E0D75A /* CustomRefreshableScrollView.swift */; };
		CA93F49E25C9E41000271404 /* AddressableCallView.swift in Sources */ = {isa = PBXBuildFile; fileRef = CA93F49D25C9E41000271404 /* AddressableCallView.swift */; };
		CAB80CA425B8EFF4005E868D /* ringtone.wav in Resources */ = {isa = PBXBuildFile; fileRef = CAB80CA325B8EFF4005E868D /* ringtone.wav */; };
		CAC8B086259BE6D400D4447F /* KeychainServiceUtil.swift in Sources */ = {isa = PBXBuildFile; fileRef = CAC8B085259BE6D400D4447F /* KeychainServiceUtil.swift */; };
		CAC8B0A0259CFBC800D4447F /* AppView.swift in Sources */ = {isa = PBXBuildFile; fileRef = CAC8B09F259CFBC800D4447F /* AppView.swift */; };
		CAC8B0AB259D017E00D4447F /* CallListView.swift in Sources */ = {isa = PBXBuildFile; fileRef = CAC8B0AA259D017E00D4447F /* CallListView.swift */; };
		CAC8B0B0259D01C300D4447F /* MessageListView.swift in Sources */ = {isa = PBXBuildFile; fileRef = CAC8B0AF259D01C300D4447F /* MessageListView.swift */; };
		CAC8B0BD259D020500D4447F /* ProfileView.swift in Sources */ = {isa = PBXBuildFile; fileRef = CAC8B0BC259D020500D4447F /* ProfileView.swift */; };
		CAC8B0D5259D347F00D4447F /* JsonUtil.swift in Sources */ = {isa = PBXBuildFile; fileRef = CAC8B0D4259D347F00D4447F /* JsonUtil.swift */; };
		CAC8B0DD259D36AF00D4447F /* AddressableDataFetcher.swift in Sources */ = {isa = PBXBuildFile; fileRef = CAC8B0DC259D36AF00D4447F /* AddressableDataFetcher.swift */; };
		CADA000325BF8FE200004B4B /* ComposeMailingView.swift in Sources */ = {isa = PBXBuildFile; fileRef = CADA000225BF8FE200004B4B /* ComposeMailingView.swift */; };
		CADA001425C0A22800004B4B /* ComposeMailingViewModel.swift in Sources */ = {isa = PBXBuildFile; fileRef = CADA001325C0A22800004B4B /* ComposeMailingViewModel.swift */; };
		CADA001C25C0D09000004B4B /* EnumUtil.swift in Sources */ = {isa = PBXBuildFile; fileRef = CADA001B25C0D09000004B4B /* EnumUtil.swift */; };
		CADA002D25C0F20C00004B4B /* ImageUtil.swift in Sources */ = {isa = PBXBuildFile; fileRef = CADA002C25C0F20C00004B4B /* ImageUtil.swift */; };
/* End PBXBuildFile section */

/* Begin PBXContainerItemProxy section */
		B370BC252576BAC20066624A /* PBXContainerItemProxy */ = {
			isa = PBXContainerItemProxy;
			containerPortal = B370BC0B2576BAC10066624A /* Project object */;
			proxyType = 1;
			remoteGlobalIDString = B370BC122576BAC10066624A;
			remoteInfo = Addressable;
		};
		B370BC302576BAC20066624A /* PBXContainerItemProxy */ = {
			isa = PBXContainerItemProxy;
			containerPortal = B370BC0B2576BAC10066624A /* Project object */;
			proxyType = 1;
			remoteGlobalIDString = B370BC122576BAC10066624A;
			remoteInfo = Addressable;
		};
/* End PBXContainerItemProxy section */

/* Begin PBXFileReference section */
		B370BC132576BAC10066624A /* Addressable.app */ = {isa = PBXFileReference; explicitFileType = wrapper.application; includeInIndex = 0; path = Addressable.app; sourceTree = BUILT_PRODUCTS_DIR; };
		B370BC162576BAC10066624A /* AddressableApp.swift */ = {isa = PBXFileReference; lastKnownFileType = sourcecode.swift; path = AddressableApp.swift; sourceTree = "<group>"; };
		B370BC1A2576BAC10066624A /* Assets.xcassets */ = {isa = PBXFileReference; lastKnownFileType = folder.assetcatalog; path = Assets.xcassets; sourceTree = "<group>"; };
		B370BC1D2576BAC10066624A /* Preview Assets.xcassets */ = {isa = PBXFileReference; lastKnownFileType = folder.assetcatalog; path = "Preview Assets.xcassets"; sourceTree = "<group>"; };
		B370BC1F2576BAC10066624A /* Info.plist */ = {isa = PBXFileReference; lastKnownFileType = text.plist.xml; path = Info.plist; sourceTree = "<group>"; };
		B370BC242576BAC20066624A /* AddressableTests.xctest */ = {isa = PBXFileReference; explicitFileType = wrapper.cfbundle; includeInIndex = 0; path = AddressableTests.xctest; sourceTree = BUILT_PRODUCTS_DIR; };
		B370BC282576BAC20066624A /* AddressableTests.swift */ = {isa = PBXFileReference; lastKnownFileType = sourcecode.swift; path = AddressableTests.swift; sourceTree = "<group>"; };
		B370BC2A2576BAC20066624A /* Info.plist */ = {isa = PBXFileReference; lastKnownFileType = text.plist.xml; path = Info.plist; sourceTree = "<group>"; };
		B370BC2F2576BAC20066624A /* AddressableUITests.xctest */ = {isa = PBXFileReference; explicitFileType = wrapper.cfbundle; includeInIndex = 0; path = AddressableUITests.xctest; sourceTree = BUILT_PRODUCTS_DIR; };
		B370BC332576BAC20066624A /* AddressableUITests.swift */ = {isa = PBXFileReference; lastKnownFileType = sourcecode.swift; path = AddressableUITests.swift; sourceTree = "<group>"; };
		B370BC352576BAC20066624A /* Info.plist */ = {isa = PBXFileReference; lastKnownFileType = text.plist.xml; path = Info.plist; sourceTree = "<group>"; };
		B370BC4C2576C2860066624A /* Addressable.entitlements */ = {isa = PBXFileReference; lastKnownFileType = text.plist.entitlements; path = Addressable.entitlements; sourceTree = "<group>"; };
		B370BC862576DE9F0066624A /* SignInView.swift */ = {isa = PBXFileReference; lastKnownFileType = sourcecode.swift; path = SignInView.swift; sourceTree = "<group>"; };
		B3DB527E257992F8004196A6 /* MailingsView.swift */ = {isa = PBXFileReference; lastKnownFileType = sourcecode.swift; path = MailingsView.swift; sourceTree = "<group>"; };
		B3DB52862579A84B004196A6 /* Mailings.swift */ = {isa = PBXFileReference; lastKnownFileType = sourcecode.swift; path = Mailings.swift; sourceTree = "<group>"; };
		CA3CE816259BC38500A230E1 /* MailingsViewModel.swift */ = {isa = PBXFileReference; lastKnownFileType = sourcecode.swift; path = MailingsViewModel.swift; sourceTree = "<group>"; };
		CA3CE821259BC9E000A230E1 /* Development.xcconfig */ = {isa = PBXFileReference; lastKnownFileType = text.xcconfig; path = Development.xcconfig; sourceTree = "<group>"; };
		CA3CE822259BC9FA00A230E1 /* Production.xcconfig */ = {isa = PBXFileReference; lastKnownFileType = text.xcconfig; path = Production.xcconfig; sourceTree = "<group>"; };
		CA4AE34025CD95E8003B6CE8 /* KeyPadView.swift */ = {isa = PBXFileReference; lastKnownFileType = sourcecode.swift; path = KeyPadView.swift; sourceTree = "<group>"; };
		CA8555C025A648FB0063274D /* TwilioVoice.framework */ = {isa = PBXFileReference; lastKnownFileType = wrapper.framework; name = TwilioVoice.framework; path = Carthage/Build/iOS/TwilioVoice.framework; sourceTree = "<group>"; };
		CA8555D025A81AF80063274D /* ProviderDelegate.swift */ = {isa = PBXFileReference; lastKnownFileType = sourcecode.swift; path = ProviderDelegate.swift; sourceTree = "<group>"; };
		CA8555D525A81B330063274D /* CallManager.swift */ = {isa = PBXFileReference; lastKnownFileType = sourcecode.swift; path = CallManager.swift; sourceTree = "<group>"; };
		CA85560825A9FA8F0063274D /* AddressableCall.swift */ = {isa = PBXFileReference; lastKnownFileType = sourcecode.swift; path = AddressableCall.swift; sourceTree = "<group>"; };
		CA85564C25AFB9B40063274D /* PermissionsUtil.swift */ = {isa = PBXFileReference; lastKnownFileType = sourcecode.swift; path = PermissionsUtil.swift; sourceTree = "<group>"; };
		CA85565725AFC4910063274D /* IncomingLead.swift */ = {isa = PBXFileReference; lastKnownFileType = sourcecode.swift; path = IncomingLead.swift; sourceTree = "<group>"; };
		CA85565C25AFC5ED0063274D /* CallsViewModel.swift */ = {isa = PBXFileReference; lastKnownFileType = sourcecode.swift; path = CallsViewModel.swift; sourceTree = "<group>"; };
		CA85567625B0E34F0063274D /* MessagesViewModel.swift */ = {isa = PBXFileReference; lastKnownFileType = sourcecode.swift; path = MessagesViewModel.swift; sourceTree = "<group>"; };
		CA85567B25B0E5C50063274D /* Messages.swift */ = {isa = PBXFileReference; lastKnownFileType = sourcecode.swift; path = Messages.swift; sourceTree = "<group>"; };
		CA85568025B0E6400063274D /* ContentMessageView.swift */ = {isa = PBXFileReference; lastKnownFileType = sourcecode.swift; path = ContentMessageView.swift; sourceTree = "<group>"; };
		CA85568525B0E7330063274D /* MessageView.swift */ = {isa = PBXFileReference; lastKnownFileType = sourcecode.swift; path = MessageView.swift; sourceTree = "<group>"; };
		CA85568D25B0EB230063274D /* MessageChatView.swift */ = {isa = PBXFileReference; lastKnownFileType = sourcecode.swift; path = MessageChatView.swift; sourceTree = "<group>"; };
		CA88420125A39F2700E0D75A /* SignInViewModel.swift */ = {isa = PBXFileReference; lastKnownFileType = sourcecode.swift; path = SignInViewModel.swift; sourceTree = "<group>"; };
		CA88420625A3A7D200E0D75A /* Authorization.swift */ = {isa = PBXFileReference; lastKnownFileType = sourcecode.swift; path = Authorization.swift; sourceTree = "<group>"; };
		CA88422825A3D52F00E0D75A /* CustomRefreshableScrollView.swift */ = {isa = PBXFileReference; lastKnownFileType = sourcecode.swift; name = CustomRefreshableScrollView.swift; path = Addressable/Utilities/CustomRefreshableScrollView.swift; sourceTree = SOURCE_ROOT; };
		CA93F49D25C9E41000271404 /* AddressableCallView.swift */ = {isa = PBXFileReference; lastKnownFileType = sourcecode.swift; path = AddressableCallView.swift; sourceTree = "<group>"; };
		CAB80CA325B8EFF4005E868D /* ringtone.wav */ = {isa = PBXFileReference; lastKnownFileType = audio.wav; path = ringtone.wav; sourceTree = "<group>"; };
		CAC8B085259BE6D400D4447F /* KeychainServiceUtil.swift */ = {isa = PBXFileReference; lastKnownFileType = sourcecode.swift; path = KeychainServiceUtil.swift; sourceTree = "<group>"; };
		CAC8B09F259CFBC800D4447F /* AppView.swift */ = {isa = PBXFileReference; lastKnownFileType = sourcecode.swift; path = AppView.swift; sourceTree = "<group>"; };
		CAC8B0AA259D017E00D4447F /* CallListView.swift */ = {isa = PBXFileReference; lastKnownFileType = sourcecode.swift; path = CallListView.swift; sourceTree = "<group>"; };
		CAC8B0AF259D01C300D4447F /* MessageListView.swift */ = {isa = PBXFileReference; lastKnownFileType = sourcecode.swift; path = MessageListView.swift; sourceTree = "<group>"; };
		CAC8B0BC259D020500D4447F /* ProfileView.swift */ = {isa = PBXFileReference; lastKnownFileType = sourcecode.swift; path = ProfileView.swift; sourceTree = "<group>"; };
		CAC8B0D4259D347F00D4447F /* JsonUtil.swift */ = {isa = PBXFileReference; lastKnownFileType = sourcecode.swift; path = JsonUtil.swift; sourceTree = "<group>"; };
		CAC8B0DC259D36AF00D4447F /* AddressableDataFetcher.swift */ = {isa = PBXFileReference; lastKnownFileType = sourcecode.swift; path = AddressableDataFetcher.swift; sourceTree = "<group>"; };
		CADA000225BF8FE200004B4B /* ComposeMailingView.swift */ = {isa = PBXFileReference; lastKnownFileType = sourcecode.swift; path = ComposeMailingView.swift; sourceTree = "<group>"; };
		CADA001325C0A22800004B4B /* ComposeMailingViewModel.swift */ = {isa = PBXFileReference; lastKnownFileType = sourcecode.swift; path = ComposeMailingViewModel.swift; sourceTree = "<group>"; };
		CADA001B25C0D09000004B4B /* EnumUtil.swift */ = {isa = PBXFileReference; lastKnownFileType = sourcecode.swift; path = EnumUtil.swift; sourceTree = "<group>"; };
		CADA002C25C0F20C00004B4B /* ImageUtil.swift */ = {isa = PBXFileReference; lastKnownFileType = sourcecode.swift; path = ImageUtil.swift; sourceTree = "<group>"; };
/* End PBXFileReference section */

/* Begin PBXFrameworksBuildPhase section */
		B370BC102576BAC10066624A /* Frameworks */ = {
			isa = PBXFrameworksBuildPhase;
			buildActionMask = 2147483647;
			files = (
			);
			runOnlyForDeploymentPostprocessing = 0;
		};
		B370BC212576BAC20066624A /* Frameworks */ = {
			isa = PBXFrameworksBuildPhase;
			buildActionMask = 2147483647;
			files = (
			);
			runOnlyForDeploymentPostprocessing = 0;
		};
		B370BC2C2576BAC20066624A /* Frameworks */ = {
			isa = PBXFrameworksBuildPhase;
			buildActionMask = 2147483647;
			files = (
			);
			runOnlyForDeploymentPostprocessing = 0;
		};
/* End PBXFrameworksBuildPhase section */

/* Begin PBXGroup section */
		B370BC0A2576BAC10066624A = {
			isa = PBXGroup;
			children = (
				CA3CE825259BCA3B00A230E1 /* Production */,
				CA3CE823259BCA1C00A230E1 /* Development */,
				CAB80C9725B7867A005E868D /* Ringtone */,
				B370BC152576BAC10066624A /* Addressable */,
				B370BC272576BAC20066624A /* AddressableTests */,
				B370BC322576BAC20066624A /* AddressableUITests */,
				B370BC142576BAC10066624A /* Products */,
				CA8555BF25A648FB0063274D /* Frameworks */,
			);
			sourceTree = "<group>";
		};
		B370BC142576BAC10066624A /* Products */ = {
			isa = PBXGroup;
			children = (
				B370BC132576BAC10066624A /* Addressable.app */,
				B370BC242576BAC20066624A /* AddressableTests.xctest */,
				B370BC2F2576BAC20066624A /* AddressableUITests.xctest */,
			);
			name = Products;
			sourceTree = "<group>";
		};
		B370BC152576BAC10066624A /* Addressable */ = {
			isa = PBXGroup;
			children = (
				B370BC162576BAC10066624A /* AddressableApp.swift */,
				CA3CE7F6259BBA1900A230E1 /* Models */,
				B370BC712576CF5D0066624A /* Views */,
				CA3CE815259BC35E00A230E1 /* ViewModels */,
				CA3CE835259BCC2800A230E1 /* Utilities */,
				B370BC1A2576BAC10066624A /* Assets.xcassets */,
				B370BC4C2576C2860066624A /* Addressable.entitlements */,
				B370BC1F2576BAC10066624A /* Info.plist */,
				B370BC1C2576BAC10066624A /* Preview Content */,
			);
			path = Addressable;
			sourceTree = "<group>";
		};
		B370BC1C2576BAC10066624A /* Preview Content */ = {
			isa = PBXGroup;
			children = (
				B370BC1D2576BAC10066624A /* Preview Assets.xcassets */,
			);
			path = "Preview Content";
			sourceTree = "<group>";
		};
		B370BC272576BAC20066624A /* AddressableTests */ = {
			isa = PBXGroup;
			children = (
				B370BC282576BAC20066624A /* AddressableTests.swift */,
				B370BC2A2576BAC20066624A /* Info.plist */,
			);
			path = AddressableTests;
			sourceTree = "<group>";
		};
		B370BC322576BAC20066624A /* AddressableUITests */ = {
			isa = PBXGroup;
			children = (
				B370BC332576BAC20066624A /* AddressableUITests.swift */,
				B370BC352576BAC20066624A /* Info.plist */,
			);
			path = AddressableUITests;
			sourceTree = "<group>";
		};
		B370BC712576CF5D0066624A /* Views */ = {
			isa = PBXGroup;
			children = (
				CA88422825A3D52F00E0D75A /* CustomRefreshableScrollView.swift */,
				B3DB527E257992F8004196A6 /* MailingsView.swift */,
				B370BC862576DE9F0066624A /* SignInView.swift */,
				CAC8B09F259CFBC800D4447F /* AppView.swift */,
				CAC8B0AA259D017E00D4447F /* CallListView.swift */,
				CAC8B0AF259D01C300D4447F /* MessageListView.swift */,
				CAC8B0BC259D020500D4447F /* ProfileView.swift */,
				CA85568025B0E6400063274D /* ContentMessageView.swift */,
				CA85568525B0E7330063274D /* MessageView.swift */,
				CA85568D25B0EB230063274D /* MessageChatView.swift */,
				CADA000225BF8FE200004B4B /* ComposeMailingView.swift */,
				CA93F49D25C9E41000271404 /* AddressableCallView.swift */,
				CA4AE34025CD95E8003B6CE8 /* KeyPadView.swift */,
			);
			path = Views;
			sourceTree = "<group>";
		};
		CA3CE7F6259BBA1900A230E1 /* Models */ = {
			isa = PBXGroup;
			children = (
				B3DB52862579A84B004196A6 /* Mailings.swift */,
				CAC8B0DC259D36AF00D4447F /* AddressableDataFetcher.swift */,
				CA88420625A3A7D200E0D75A /* Authorization.swift */,
				CA8555D025A81AF80063274D /* ProviderDelegate.swift */,
				CA8555D525A81B330063274D /* CallManager.swift */,
				CA85560825A9FA8F0063274D /* AddressableCall.swift */,
				CA85565725AFC4910063274D /* IncomingLead.swift */,
				CA85567B25B0E5C50063274D /* Messages.swift */,
			);
			path = Models;
			sourceTree = "<group>";
		};
		CA3CE815259BC35E00A230E1 /* ViewModels */ = {
			isa = PBXGroup;
			children = (
				CA3CE816259BC38500A230E1 /* MailingsViewModel.swift */,
				CA88420125A39F2700E0D75A /* SignInViewModel.swift */,
				CA85565C25AFC5ED0063274D /* CallsViewModel.swift */,
				CA85567625B0E34F0063274D /* MessagesViewModel.swift */,
				CADA001325C0A22800004B4B /* ComposeMailingViewModel.swift */,
			);
			path = ViewModels;
			sourceTree = "<group>";
		};
		CA3CE823259BCA1C00A230E1 /* Development */ = {
			isa = PBXGroup;
			children = (
				CA3CE821259BC9E000A230E1 /* Development.xcconfig */,
			);
			path = Development;
			sourceTree = "<group>";
		};
		CA3CE825259BCA3B00A230E1 /* Production */ = {
			isa = PBXGroup;
			children = (
				CA3CE822259BC9FA00A230E1 /* Production.xcconfig */,
			);
			path = Production;
			sourceTree = "<group>";
		};
		CA3CE835259BCC2800A230E1 /* Utilities */ = {
			isa = PBXGroup;
			children = (
				CAC8B085259BE6D400D4447F /* KeychainServiceUtil.swift */,
				CAC8B0D4259D347F00D4447F /* JsonUtil.swift */,
				CA85564C25AFB9B40063274D /* PermissionsUtil.swift */,
				CADA001B25C0D09000004B4B /* EnumUtil.swift */,
				CADA002C25C0F20C00004B4B /* ImageUtil.swift */,
			);
			path = Utilities;
			sourceTree = "<group>";
		};
		CA8555BF25A648FB0063274D /* Frameworks */ = {
			isa = PBXGroup;
			children = (
				CA8555C025A648FB0063274D /* TwilioVoice.framework */,
			);
			name = Frameworks;
			sourceTree = "<group>";
		};
		CAB80C9725B7867A005E868D /* Ringtone */ = {
			isa = PBXGroup;
			children = (
				CAB80CA325B8EFF4005E868D /* ringtone.wav */,
			);
			path = Ringtone;
			sourceTree = "<group>";
		};
/* End PBXGroup section */

/* Begin PBXNativeTarget section */
		B370BC122576BAC10066624A /* Addressable */ = {
			isa = PBXNativeTarget;
			buildConfigurationList = B370BC382576BAC20066624A /* Build configuration list for PBXNativeTarget "Addressable" */;
			buildPhases = (
				B370BC0F2576BAC10066624A /* Sources */,
				B370BC102576BAC10066624A /* Frameworks */,
				B370BC112576BAC10066624A /* Resources */,
				CA8555C425A6490B0063274D /* ShellScript */,
			);
			buildRules = (
			);
			dependencies = (
			);
			name = Addressable;
			packageProductDependencies = (
			);
			productName = Addressable;
			productReference = B370BC132576BAC10066624A /* Addressable.app */;
			productType = "com.apple.product-type.application";
		};
		B370BC232576BAC20066624A /* AddressableTests */ = {
			isa = PBXNativeTarget;
			buildConfigurationList = B370BC3B2576BAC20066624A /* Build configuration list for PBXNativeTarget "AddressableTests" */;
			buildPhases = (
				B370BC202576BAC20066624A /* Sources */,
				B370BC212576BAC20066624A /* Frameworks */,
				B370BC222576BAC20066624A /* Resources */,
			);
			buildRules = (
			);
			dependencies = (
				B370BC262576BAC20066624A /* PBXTargetDependency */,
			);
			name = AddressableTests;
			productName = AddressableTests;
			productReference = B370BC242576BAC20066624A /* AddressableTests.xctest */;
			productType = "com.apple.product-type.bundle.unit-test";
		};
		B370BC2E2576BAC20066624A /* AddressableUITests */ = {
			isa = PBXNativeTarget;
			buildConfigurationList = B370BC3E2576BAC20066624A /* Build configuration list for PBXNativeTarget "AddressableUITests" */;
			buildPhases = (
				B370BC2B2576BAC20066624A /* Sources */,
				B370BC2C2576BAC20066624A /* Frameworks */,
				B370BC2D2576BAC20066624A /* Resources */,
			);
			buildRules = (
			);
			dependencies = (
				B370BC312576BAC20066624A /* PBXTargetDependency */,
			);
			name = AddressableUITests;
			productName = AddressableUITests;
			productReference = B370BC2F2576BAC20066624A /* AddressableUITests.xctest */;
			productType = "com.apple.product-type.bundle.ui-testing";
		};
/* End PBXNativeTarget section */

/* Begin PBXProject section */
		B370BC0B2576BAC10066624A /* Project object */ = {
			isa = PBXProject;
			attributes = {
				LastSwiftUpdateCheck = 1220;
				LastUpgradeCheck = 1220;
				TargetAttributes = {
					B370BC122576BAC10066624A = {
						CreatedOnToolsVersion = 12.2;
					};
					B370BC232576BAC20066624A = {
						CreatedOnToolsVersion = 12.2;
						TestTargetID = B370BC122576BAC10066624A;
					};
					B370BC2E2576BAC20066624A = {
						CreatedOnToolsVersion = 12.2;
						TestTargetID = B370BC122576BAC10066624A;
					};
				};
			};
			buildConfigurationList = B370BC0E2576BAC10066624A /* Build configuration list for PBXProject "Addressable" */;
			compatibilityVersion = "Xcode 9.3";
			developmentRegion = en;
			hasScannedForEncodings = 0;
			knownRegions = (
				en,
				Base,
			);
			mainGroup = B370BC0A2576BAC10066624A;
			packageReferences = (
			);
			productRefGroup = B370BC142576BAC10066624A /* Products */;
			projectDirPath = "";
			projectRoot = "";
			targets = (
				B370BC122576BAC10066624A /* Addressable */,
				B370BC232576BAC20066624A /* AddressableTests */,
				B370BC2E2576BAC20066624A /* AddressableUITests */,
			);
		};
/* End PBXProject section */

/* Begin PBXResourcesBuildPhase section */
		B370BC112576BAC10066624A /* Resources */ = {
			isa = PBXResourcesBuildPhase;
			buildActionMask = 2147483647;
			files = (
				B370BC1E2576BAC10066624A /* Preview Assets.xcassets in Resources */,
				B370BC1B2576BAC10066624A /* Assets.xcassets in Resources */,
				CAB80CA425B8EFF4005E868D /* ringtone.wav in Resources */,
			);
			runOnlyForDeploymentPostprocessing = 0;
		};
		B370BC222576BAC20066624A /* Resources */ = {
			isa = PBXResourcesBuildPhase;
			buildActionMask = 2147483647;
			files = (
			);
			runOnlyForDeploymentPostprocessing = 0;
		};
		B370BC2D2576BAC20066624A /* Resources */ = {
			isa = PBXResourcesBuildPhase;
			buildActionMask = 2147483647;
			files = (
			);
			runOnlyForDeploymentPostprocessing = 0;
		};
/* End PBXResourcesBuildPhase section */

/* Begin PBXShellScriptBuildPhase section */
		CA8555C425A6490B0063274D /* ShellScript */ = {
			isa = PBXShellScriptBuildPhase;
			buildActionMask = 2147483647;
			files = (
			);
			inputFileListPaths = (
			);
			inputPaths = (
				"$(SRCROOT)/Carthage/Build/iOS/TwilioVoice.framework",
			);
			outputFileListPaths = (
			);
			outputPaths = (
			);
			runOnlyForDeploymentPostprocessing = 0;
			shellPath = /bin/sh;
			shellScript = "# Type a script or drag a script file from your workspace to insert its path.\n/usr/local/bin/carthage copy-frameworks\n";
		};
/* End PBXShellScriptBuildPhase section */

/* Begin PBXSourcesBuildPhase section */
		B370BC0F2576BAC10066624A /* Sources */ = {
			isa = PBXSourcesBuildPhase;
			buildActionMask = 2147483647;
			files = (
				CA85567725B0E34F0063274D /* MessagesViewModel.swift in Sources */,
				CA85567C25B0E5C50063274D /* Messages.swift in Sources */,
				CAC8B086259BE6D400D4447F /* KeychainServiceUtil.swift in Sources */,
				CA85560925A9FA8F0063274D /* AddressableCall.swift in Sources */,
				CA4AE34125CD95E8003B6CE8 /* KeyPadView.swift in Sources */,
				CAC8B0D5259D347F00D4447F /* JsonUtil.swift in Sources */,
				CAC8B0DD259D36AF00D4447F /* AddressableDataFetcher.swift in Sources */,
				CA85568125B0E6400063274D /* ContentMessageView.swift in Sources */,
				CAC8B0A0259CFBC800D4447F /* AppView.swift in Sources */,
				CA85568E25B0EB230063274D /* MessageChatView.swift in Sources */,
				CADA002D25C0F20C00004B4B /* ImageUtil.swift in Sources */,
				CA88420225A39F2700E0D75A /* SignInViewModel.swift in Sources */,
				CADA000325BF8FE200004B4B /* ComposeMailingView.swift in Sources */,
				CA85565D25AFC5ED0063274D /* CallsViewModel.swift in Sources */,
				CA88420725A3A7D200E0D75A /* Authorization.swift in Sources */,
				CA85565825AFC4910063274D /* IncomingLead.swift in Sources */,
				B3DB527F257992F8004196A6 /* MailingsView.swift in Sources */,
				CADA001C25C0D09000004B4B /* EnumUtil.swift in Sources */,
				CA8555D125A81AF80063274D /* ProviderDelegate.swift in Sources */,
				CA3CE817259BC38500A230E1 /* MailingsViewModel.swift in Sources */,
				B3DB52872579A84B004196A6 /* Mailings.swift in Sources */,
				CAC8B0AB259D017E00D4447F /* CallListView.swift in Sources */,
				CA93F49E25C9E41000271404 /* AddressableCallView.swift in Sources */,
				CADA001425C0A22800004B4B /* ComposeMailingViewModel.swift in Sources */,
				CAC8B0B0259D01C300D4447F /* MessageListView.swift in Sources */,
				CAC8B0BD259D020500D4447F /* ProfileView.swift in Sources */,
				B370BC872576DE9F0066624A /* SignInView.swift in Sources */,
				B370BC172576BAC10066624A /* AddressableApp.swift in Sources */,
				CA88422925A3D52F00E0D75A /* CustomRefreshableScrollView.swift in Sources */,
				CA85564D25AFB9B40063274D /* PermissionsUtil.swift in Sources */,
				CA8555D625A81B330063274D /* CallManager.swift in Sources */,
				CA85568625B0E7330063274D /* MessageView.swift in Sources */,
			);
			runOnlyForDeploymentPostprocessing = 0;
		};
		B370BC202576BAC20066624A /* Sources */ = {
			isa = PBXSourcesBuildPhase;
			buildActionMask = 2147483647;
			files = (
				B370BC292576BAC20066624A /* AddressableTests.swift in Sources */,
			);
			runOnlyForDeploymentPostprocessing = 0;
		};
		B370BC2B2576BAC20066624A /* Sources */ = {
			isa = PBXSourcesBuildPhase;
			buildActionMask = 2147483647;
			files = (
				B370BC342576BAC20066624A /* AddressableUITests.swift in Sources */,
			);
			runOnlyForDeploymentPostprocessing = 0;
		};
/* End PBXSourcesBuildPhase section */

/* Begin PBXTargetDependency section */
		B370BC262576BAC20066624A /* PBXTargetDependency */ = {
			isa = PBXTargetDependency;
			target = B370BC122576BAC10066624A /* Addressable */;
			targetProxy = B370BC252576BAC20066624A /* PBXContainerItemProxy */;
		};
		B370BC312576BAC20066624A /* PBXTargetDependency */ = {
			isa = PBXTargetDependency;
			target = B370BC122576BAC10066624A /* Addressable */;
			targetProxy = B370BC302576BAC20066624A /* PBXContainerItemProxy */;
		};
/* End PBXTargetDependency section */

/* Begin XCBuildConfiguration section */
		B370BC362576BAC20066624A /* Debug */ = {
			isa = XCBuildConfiguration;
			baseConfigurationReference = CA3CE821259BC9E000A230E1 /* Development.xcconfig */;
			buildSettings = {
				ALWAYS_SEARCH_USER_PATHS = NO;
				CLANG_ANALYZER_NONNULL = YES;
				CLANG_ANALYZER_NUMBER_OBJECT_CONVERSION = YES_AGGRESSIVE;
				CLANG_CXX_LANGUAGE_STANDARD = "gnu++14";
				CLANG_CXX_LIBRARY = "libc++";
				CLANG_ENABLE_MODULES = YES;
				CLANG_ENABLE_OBJC_ARC = YES;
				CLANG_ENABLE_OBJC_WEAK = YES;
				CLANG_WARN_BLOCK_CAPTURE_AUTORELEASING = YES;
				CLANG_WARN_BOOL_CONVERSION = YES;
				CLANG_WARN_COMMA = YES;
				CLANG_WARN_CONSTANT_CONVERSION = YES;
				CLANG_WARN_DEPRECATED_OBJC_IMPLEMENTATIONS = YES;
				CLANG_WARN_DIRECT_OBJC_ISA_USAGE = YES_ERROR;
				CLANG_WARN_DOCUMENTATION_COMMENTS = YES;
				CLANG_WARN_EMPTY_BODY = YES;
				CLANG_WARN_ENUM_CONVERSION = YES;
				CLANG_WARN_INFINITE_RECURSION = YES;
				CLANG_WARN_INT_CONVERSION = YES;
				CLANG_WARN_NON_LITERAL_NULL_CONVERSION = YES;
				CLANG_WARN_OBJC_IMPLICIT_RETAIN_SELF = YES;
				CLANG_WARN_OBJC_LITERAL_CONVERSION = YES;
				CLANG_WARN_OBJC_ROOT_CLASS = YES_ERROR;
				CLANG_WARN_QUOTED_INCLUDE_IN_FRAMEWORK_HEADER = YES;
				CLANG_WARN_RANGE_LOOP_ANALYSIS = YES;
				CLANG_WARN_STRICT_PROTOTYPES = YES;
				CLANG_WARN_SUSPICIOUS_MOVE = YES;
				CLANG_WARN_UNGUARDED_AVAILABILITY = YES_AGGRESSIVE;
				CLANG_WARN_UNREACHABLE_CODE = YES;
				CLANG_WARN__DUPLICATE_METHOD_MATCH = YES;
				COPY_PHASE_STRIP = NO;
				DEBUG_INFORMATION_FORMAT = dwarf;
				ENABLE_STRICT_OBJC_MSGSEND = YES;
				ENABLE_TESTABILITY = YES;
				GCC_C_LANGUAGE_STANDARD = gnu11;
				GCC_DYNAMIC_NO_PIC = NO;
				GCC_NO_COMMON_BLOCKS = YES;
				GCC_OPTIMIZATION_LEVEL = 0;
				GCC_PREPROCESSOR_DEFINITIONS = (
					"DEBUG=1",
					"$(inherited)",
				);
				GCC_WARN_64_TO_32_BIT_CONVERSION = YES;
				GCC_WARN_ABOUT_RETURN_TYPE = YES_ERROR;
				GCC_WARN_UNDECLARED_SELECTOR = YES;
				GCC_WARN_UNINITIALIZED_AUTOS = YES_AGGRESSIVE;
				GCC_WARN_UNUSED_FUNCTION = YES;
				GCC_WARN_UNUSED_VARIABLE = YES;
				IPHONEOS_DEPLOYMENT_TARGET = 13.0;
				MTL_ENABLE_DEBUG_INFO = INCLUDE_SOURCE;
				MTL_FAST_MATH = YES;
				ONLY_ACTIVE_ARCH = YES;
				SDKROOT = iphoneos;
				SWIFT_ACTIVE_COMPILATION_CONDITIONS = DEBUG;
				SWIFT_OPTIMIZATION_LEVEL = "-Onone";
			};
			name = Debug;
		};
		B370BC372576BAC20066624A /* Release */ = {
			isa = XCBuildConfiguration;
			baseConfigurationReference = CA3CE822259BC9FA00A230E1 /* Production.xcconfig */;
			buildSettings = {
				ALWAYS_SEARCH_USER_PATHS = NO;
				CLANG_ANALYZER_NONNULL = YES;
				CLANG_ANALYZER_NUMBER_OBJECT_CONVERSION = YES_AGGRESSIVE;
				CLANG_CXX_LANGUAGE_STANDARD = "gnu++14";
				CLANG_CXX_LIBRARY = "libc++";
				CLANG_ENABLE_MODULES = YES;
				CLANG_ENABLE_OBJC_ARC = YES;
				CLANG_ENABLE_OBJC_WEAK = YES;
				CLANG_WARN_BLOCK_CAPTURE_AUTORELEASING = YES;
				CLANG_WARN_BOOL_CONVERSION = YES;
				CLANG_WARN_COMMA = YES;
				CLANG_WARN_CONSTANT_CONVERSION = YES;
				CLANG_WARN_DEPRECATED_OBJC_IMPLEMENTATIONS = YES;
				CLANG_WARN_DIRECT_OBJC_ISA_USAGE = YES_ERROR;
				CLANG_WARN_DOCUMENTATION_COMMENTS = YES;
				CLANG_WARN_EMPTY_BODY = YES;
				CLANG_WARN_ENUM_CONVERSION = YES;
				CLANG_WARN_INFINITE_RECURSION = YES;
				CLANG_WARN_INT_CONVERSION = YES;
				CLANG_WARN_NON_LITERAL_NULL_CONVERSION = YES;
				CLANG_WARN_OBJC_IMPLICIT_RETAIN_SELF = YES;
				CLANG_WARN_OBJC_LITERAL_CONVERSION = YES;
				CLANG_WARN_OBJC_ROOT_CLASS = YES_ERROR;
				CLANG_WARN_QUOTED_INCLUDE_IN_FRAMEWORK_HEADER = YES;
				CLANG_WARN_RANGE_LOOP_ANALYSIS = YES;
				CLANG_WARN_STRICT_PROTOTYPES = YES;
				CLANG_WARN_SUSPICIOUS_MOVE = YES;
				CLANG_WARN_UNGUARDED_AVAILABILITY = YES_AGGRESSIVE;
				CLANG_WARN_UNREACHABLE_CODE = YES;
				CLANG_WARN__DUPLICATE_METHOD_MATCH = YES;
				COPY_PHASE_STRIP = NO;
				DEBUG_INFORMATION_FORMAT = "dwarf-with-dsym";
				ENABLE_NS_ASSERTIONS = NO;
				ENABLE_STRICT_OBJC_MSGSEND = YES;
				GCC_C_LANGUAGE_STANDARD = gnu11;
				GCC_NO_COMMON_BLOCKS = YES;
				GCC_WARN_64_TO_32_BIT_CONVERSION = YES;
				GCC_WARN_ABOUT_RETURN_TYPE = YES_ERROR;
				GCC_WARN_UNDECLARED_SELECTOR = YES;
				GCC_WARN_UNINITIALIZED_AUTOS = YES_AGGRESSIVE;
				GCC_WARN_UNUSED_FUNCTION = YES;
				GCC_WARN_UNUSED_VARIABLE = YES;
				IPHONEOS_DEPLOYMENT_TARGET = 13.0;
				MTL_ENABLE_DEBUG_INFO = NO;
				MTL_FAST_MATH = YES;
				SDKROOT = iphoneos;
				SWIFT_COMPILATION_MODE = wholemodule;
				SWIFT_OPTIMIZATION_LEVEL = "-O";
				VALIDATE_PRODUCT = YES;
			};
			name = Release;
		};
		B370BC392576BAC20066624A /* Debug */ = {
			isa = XCBuildConfiguration;
			baseConfigurationReference = CA3CE821259BC9E000A230E1 /* Development.xcconfig */;
			buildSettings = {
				ASSETCATALOG_COMPILER_APPICON_NAME = AppIcon;
				ASSETCATALOG_COMPILER_GLOBAL_ACCENT_COLOR_NAME = AccentColor;
				CODE_SIGN_ENTITLEMENTS = Addressable/Addressable.entitlements;
				CODE_SIGN_STYLE = Automatic;
				DEVELOPMENT_ASSET_PATHS = "\"Addressable/Preview Content\"";
				DEVELOPMENT_TEAM = 2MK28T8Y6R;
				ENABLE_PREVIEWS = YES;
				FRAMEWORK_SEARCH_PATHS = (
					"$(inherited)",
					"$(PROJECT_DIR)/Carthage/Build/iOS",
				);
				INFOPLIST_FILE = Addressable/Info.plist;
				IPHONEOS_DEPLOYMENT_TARGET = 14.0;
				LD_RUNPATH_SEARCH_PATHS = (
					"$(inherited)",
					"@executable_path/Frameworks",
				);
				PRODUCT_BUNDLE_IDENTIFIER = com.addressable.app;
				PRODUCT_NAME = "$(TARGET_NAME)";
				SWIFT_VERSION = 5.0;
				TARGETED_DEVICE_FAMILY = 1;
			};
			name = Debug;
		};
		B370BC3A2576BAC20066624A /* Release */ = {
			isa = XCBuildConfiguration;
			baseConfigurationReference = CA3CE822259BC9FA00A230E1 /* Production.xcconfig */;
			buildSettings = {
				ASSETCATALOG_COMPILER_APPICON_NAME = AppIcon;
				ASSETCATALOG_COMPILER_GLOBAL_ACCENT_COLOR_NAME = AccentColor;
				CODE_SIGN_ENTITLEMENTS = Addressable/Addressable.entitlements;
				CODE_SIGN_STYLE = Automatic;
				DEVELOPMENT_ASSET_PATHS = "\"Addressable/Preview Content\"";
				DEVELOPMENT_TEAM = 2MK28T8Y6R;
				ENABLE_PREVIEWS = YES;
				FRAMEWORK_SEARCH_PATHS = (
					"$(inherited)",
					"$(PROJECT_DIR)/Carthage/Build/iOS",
				);
				INFOPLIST_FILE = Addressable/Info.plist;
				IPHONEOS_DEPLOYMENT_TARGET = 14.0;
				LD_RUNPATH_SEARCH_PATHS = (
					"$(inherited)",
					"@executable_path/Frameworks",
				);
				PRODUCT_BUNDLE_IDENTIFIER = com.addressable.app;
				PRODUCT_NAME = "$(TARGET_NAME)";
				SWIFT_VERSION = 5.0;
				TARGETED_DEVICE_FAMILY = 1;
			};
			name = Release;
		};
		B370BC3C2576BAC20066624A /* Debug */ = {
			isa = XCBuildConfiguration;
			baseConfigurationReference = CA3CE821259BC9E000A230E1 /* Development.xcconfig */;
			buildSettings = {
				ALWAYS_EMBED_SWIFT_STANDARD_LIBRARIES = YES;
				BUNDLE_LOADER = "$(TEST_HOST)";
				CODE_SIGN_STYLE = Automatic;
				DEVELOPMENT_TEAM = 2MK28T8Y6R;
				INFOPLIST_FILE = AddressableTests/Info.plist;
				IPHONEOS_DEPLOYMENT_TARGET = 14.0;
				LD_RUNPATH_SEARCH_PATHS = (
					"$(inherited)",
					"@executable_path/Frameworks",
					"@loader_path/Frameworks",
				);
				PRODUCT_BUNDLE_IDENTIFIER = com.addressable.AddressableTests;
				PRODUCT_NAME = "$(TARGET_NAME)";
				SWIFT_VERSION = 5.0;
				TARGETED_DEVICE_FAMILY = "1,2";
				TEST_HOST = "$(BUILT_PRODUCTS_DIR)/Addressable.app/Addressable";
			};
			name = Debug;
		};
		B370BC3D2576BAC20066624A /* Release */ = {
			isa = XCBuildConfiguration;
			baseConfigurationReference = CA3CE822259BC9FA00A230E1 /* Production.xcconfig */;
			buildSettings = {
				ALWAYS_EMBED_SWIFT_STANDARD_LIBRARIES = YES;
				BUNDLE_LOADER = "$(TEST_HOST)";
				CODE_SIGN_STYLE = Automatic;
				DEVELOPMENT_TEAM = 2MK28T8Y6R;
				INFOPLIST_FILE = AddressableTests/Info.plist;
				IPHONEOS_DEPLOYMENT_TARGET = 14.0;
				LD_RUNPATH_SEARCH_PATHS = (
					"$(inherited)",
					"@executable_path/Frameworks",
					"@loader_path/Frameworks",
				);
				PRODUCT_BUNDLE_IDENTIFIER = com.addressable.AddressableTests;
				PRODUCT_NAME = "$(TARGET_NAME)";
				SWIFT_VERSION = 5.0;
				TARGETED_DEVICE_FAMILY = "1,2";
				TEST_HOST = "$(BUILT_PRODUCTS_DIR)/Addressable.app/Addressable";
			};
			name = Release;
		};
		B370BC3F2576BAC20066624A /* Debug */ = {
			isa = XCBuildConfiguration;
			baseConfigurationReference = CA3CE821259BC9E000A230E1 /* Development.xcconfig */;
			buildSettings = {
				ALWAYS_EMBED_SWIFT_STANDARD_LIBRARIES = YES;
				CODE_SIGN_STYLE = Automatic;
				DEVELOPMENT_TEAM = 2MK28T8Y6R;
				INFOPLIST_FILE = AddressableUITests/Info.plist;
				LD_RUNPATH_SEARCH_PATHS = (
					"$(inherited)",
					"@executable_path/Frameworks",
					"@loader_path/Frameworks",
				);
				PRODUCT_BUNDLE_IDENTIFIER = com.addressable.AddressableUITests;
				PRODUCT_NAME = "$(TARGET_NAME)";
				SWIFT_VERSION = 5.0;
				TARGETED_DEVICE_FAMILY = "1,2";
				TEST_TARGET_NAME = Addressable;
			};
			name = Debug;
		};
		B370BC402576BAC20066624A /* Release */ = {
			isa = XCBuildConfiguration;
			baseConfigurationReference = CA3CE822259BC9FA00A230E1 /* Production.xcconfig */;
			buildSettings = {
				ALWAYS_EMBED_SWIFT_STANDARD_LIBRARIES = YES;
				CODE_SIGN_STYLE = Automatic;
				DEVELOPMENT_TEAM = 2MK28T8Y6R;
				INFOPLIST_FILE = AddressableUITests/Info.plist;
				LD_RUNPATH_SEARCH_PATHS = (
					"$(inherited)",
					"@executable_path/Frameworks",
					"@loader_path/Frameworks",
				);
				PRODUCT_BUNDLE_IDENTIFIER = com.addressable.AddressableUITests;
				PRODUCT_NAME = "$(TARGET_NAME)";
				SWIFT_VERSION = 5.0;
				TARGETED_DEVICE_FAMILY = "1,2";
				TEST_TARGET_NAME = Addressable;
			};
			name = Release;
		};
/* End XCBuildConfiguration section */

/* Begin XCConfigurationList section */
		B370BC0E2576BAC10066624A /* Build configuration list for PBXProject "Addressable" */ = {
			isa = XCConfigurationList;
			buildConfigurations = (
				B370BC362576BAC20066624A /* Debug */,
				B370BC372576BAC20066624A /* Release */,
			);
			defaultConfigurationIsVisible = 0;
			defaultConfigurationName = Release;
		};
		B370BC382576BAC20066624A /* Build configuration list for PBXNativeTarget "Addressable" */ = {
			isa = XCConfigurationList;
			buildConfigurations = (
				B370BC392576BAC20066624A /* Debug */,
				B370BC3A2576BAC20066624A /* Release */,
			);
			defaultConfigurationIsVisible = 0;
			defaultConfigurationName = Release;
		};
		B370BC3B2576BAC20066624A /* Build configuration list for PBXNativeTarget "AddressableTests" */ = {
			isa = XCConfigurationList;
			buildConfigurations = (
				B370BC3C2576BAC20066624A /* Debug */,
				B370BC3D2576BAC20066624A /* Release */,
			);
			defaultConfigurationIsVisible = 0;
			defaultConfigurationName = Release;
		};
		B370BC3E2576BAC20066624A /* Build configuration list for PBXNativeTarget "AddressableUITests" */ = {
			isa = XCConfigurationList;
			buildConfigurations = (
				B370BC3F2576BAC20066624A /* Debug */,
				B370BC402576BAC20066624A /* Release */,
			);
			defaultConfigurationIsVisible = 0;
			defaultConfigurationName = Release;
		};
/* End XCConfigurationList section */
	};
	rootObject = B370BC0B2576BAC10066624A /* Project object */;
}
